
Microsoft Visual Studio Solution File, Format Version 12.00
# Visual Studio Version 16
VisualStudioVersion = 16.0.30907.101
MinimumVisualStudioVersion = 10.0.40219.1
Project("{9A19103F-16F7-4668-BE54-9A1E7A4F7556}") = "GalleryDatabase", "GalleryDatabase.csproj", "{1EC949AF-5535-489A-AC5D-BC825AE19AEF}"
EndProject
Global
	GlobalSection(SolutionConfigurationPlatforms) = preSolution
		Debug|Any CPU = Debug|Any CPU
		Release|Any CPU = Release|Any CPU
	EndGlobalSection
	GlobalSection(ProjectConfigurationPlatforms) = postSolution
		{1EC949AF-5535-489A-AC5D-BC825AE19AEF}.Debug|Any CPU.ActiveCfg = Debug|Any CPU
		{1EC949AF-5535-489A-AC5D-BC825AE19AEF}.Debug|Any CPU.Build.0 = Debug|Any CPU
		{1EC949AF-5535-489A-AC5D-BC825AE19AEF}.Release|Any CPU.ActiveCfg = Release|Any CPU
		{1EC949AF-5535-489A-AC5D-BC825AE19AEF}.Release|Any CPU.Build.0 = Release|Any CPU
	EndGlobalSection
	GlobalSection(SolutionProperties) = preSolution
		HideSolutionNode = FALSE
	EndGlobalSection
	GlobalSection(ExtensibilityGlobals) = postSolution
		SolutionGuid = {708658AA-F255-474E-9CD6-FEC6FF4035FF}
	EndGlobalSection
EndGlobal
